
Microsoft Visual Studio Solution File, Format Version 12.00
# Visual Studio 14
VisualStudioVersion = 14.0.25420.1
MinimumVisualStudioVersion = 10.0.40219.1
Project("{FAE04EC0-301F-11D3-BF4B-00C04F79EFBC}") = "WebOpenXML", "WebOpenXML\WebOpenXML.csproj", "{C5C9A0C3-5C19-4E5B-BB84-13E4F3692196}"
EndProject
Project("{FAE04EC0-301F-11D3-BF4B-00C04F79EFBC}") = "McDermott.Lib.Office", "McDermott.Lib.Office\McDermott.Lib.Office.csproj", "{BCE93034-0C8E-41DE-B878-F8C927E51694}"
EndProject
Global
	GlobalSection(SolutionConfigurationPlatforms) = preSolution
		Debug|Any CPU = Debug|Any CPU
		Release|Any CPU = Release|Any CPU
	EndGlobalSection
	GlobalSection(ProjectConfigurationPlatforms) = postSolution
		{C5C9A0C3-5C19-4E5B-BB84-13E4F3692196}.Debug|Any CPU.ActiveCfg = Debug|Any CPU
		{C5C9A0C3-5C19-4E5B-BB84-13E4F3692196}.Debug|Any CPU.Build.0 = Debug|Any CPU
		{C5C9A0C3-5C19-4E5B-BB84-13E4F3692196}.Release|Any CPU.ActiveCfg = Release|Any CPU
		{C5C9A0C3-5C19-4E5B-BB84-13E4F3692196}.Release|Any CPU.Build.0 = Release|Any CPU
		{BCE93034-0C8E-41DE-B878-F8C927E51694}.Debug|Any CPU.ActiveCfg = Debug|Any CPU
		{BCE93034-0C8E-41DE-B878-F8C927E51694}.Debug|Any CPU.Build.0 = Debug|Any CPU
		{BCE93034-0C8E-41DE-B878-F8C927E51694}.Release|Any CPU.ActiveCfg = Release|Any CPU
		{BCE93034-0C8E-41DE-B878-F8C927E51694}.Release|Any CPU.Build.0 = Release|Any CPU
	EndGlobalSection
	GlobalSection(SolutionProperties) = preSolution
		HideSolutionNode = FALSE
	EndGlobalSection
EndGlobal
